
Microsoft Visual Studio Solution File, Format Version 12.00
# Visual Studio Version 16
VisualStudioVersion = 16.0.30320.27
MinimumVisualStudioVersion = 10.0.40219.1
Project("{8BC9CEB8-8B4A-11D0-8D11-00A0C91BC942}") = "Challanges", "Challanges\Challanges.vcxproj", "{99719309-2328-4AA5-9E2C-2158E8094713}"
EndProject
Global
	GlobalSection(SolutionConfigurationPlatforms) = preSolution
		Debug|x64 = Debug|x64
		Debug|x86 = Debug|x86
		Release|x64 = Release|x64
		Release|x86 = Release|x86
	EndGlobalSection
	GlobalSection(ProjectConfigurationPlatforms) = postSolution
		{99719309-2328-4AA5-9E2C-2158E8094713}.Debug|x64.ActiveCfg = Debug|x64
		{99719309-2328-4AA5-9E2C-2158E8094713}.Debug|x64.Build.0 = Debug|x64
		{99719309-2328-4AA5-9E2C-2158E8094713}.Debug|x86.ActiveCfg = Debug|Win32
		{99719309-2328-4AA5-9E2C-2158E8094713}.Debug|x86.Build.0 = Debug|Win32
		{99719309-2328-4AA5-9E2C-2158E8094713}.Release|x64.ActiveCfg = Release|x64
		{99719309-2328-4AA5-9E2C-2158E8094713}.Release|x64.Build.0 = Release|x64
		{99719309-2328-4AA5-9E2C-2158E8094713}.Release|x86.ActiveCfg = Release|Win32
		{99719309-2328-4AA5-9E2C-2158E8094713}.Release|x86.Build.0 = Release|Win32
	EndGlobalSection
	GlobalSection(SolutionProperties) = preSolution
		HideSolutionNode = FALSE
	EndGlobalSection
	GlobalSection(ExtensibilityGlobals) = postSolution
		SolutionGuid = {1BB05EE1-97F0-4A07-84A8-0806E5F0B42E}
	EndGlobalSection
EndGlobal
